{
  "requires": true,
  "lockfileVersion": 1,
  "dependencies": {
    "idb": {
      "version": "2.1.3",
      "resolved": "https://registry.npmjs.org/idb/-/idb-2.1.3.tgz",
      "integrity": "sha512-1He6QAuavrD38HCiJasi4lEEK87Y22ldFuM+ZHkp433n4Fd5jXjWKutClYFp8w4mgx3zgrjnWxL8dpjMzcQ+WQ=="
    }
  }
}
